// !$*UTF8*$!
{
	archiveVersion = 1;
	classes = {
	};
	objectVersion = 46;
	objects = {

/* Begin PBXBuildFile section */
		9B9CF4A21D4E0D1C00E50124 /* main.m in Sources */ = {isa = PBXBuildFile; fileRef = 9B9CF4A11D4E0D1C00E50124 /* main.m */; };
		9B9CF4A51D4E0D1C00E50124 /* AppDelegate.m in Sources */ = {isa = PBXBuildFile; fileRef = 9B9CF4A41D4E0D1C00E50124 /* AppDelegate.m */; };
		9B9CF4A81D4E0D1C00E50124 /* ViewController.m in Sources */ = {isa = PBXBuildFile; fileRef = 9B9CF4A71D4E0D1C00E50124 /* ViewController.m */; };
		9B9CF4AB1D4E0D1C00E50124 /* Main.storyboard in Resources */ = {isa = PBXBuildFile; fileRef = 9B9CF4A91D4E0D1C00E50124 /* Main.storyboard */; };
		9B9CF4AD1D4E0D1C00E50124 /* Assets.xcassets in Resources */ = {isa = PBXBuildFile; fileRef = 9B9CF4AC1D4E0D1C00E50124 /* Assets.xcassets */; };
		9B9CF4B01D4E0D1C00E50124 /* LaunchScreen.storyboard in Resources */ = {isa = PBXBuildFile; fileRef = 9B9CF4AE1D4E0D1C00E50124 /* LaunchScreen.storyboard */; };
		9B9CF4B91D4E0D3700E50124 /* NSObject+extension.m in Sources */ = {isa = PBXBuildFile; fileRef = 9B9CF4B81D4E0D3700E50124 /* NSObject+extension.m */; };
		9B9CF4BC1D4E0D9300E50124 /* model.m in Sources */ = {isa = PBXBuildFile; fileRef = 9B9CF4BB1D4E0D9300E50124 /* model.m */; };
		9B9CF4C01D4E128400E50124 /* NSObject+Log.m in Sources */ = {isa = PBXBuildFile; fileRef = 9B9CF4BF1D4E128400E50124 /* NSObject+Log.m */; };
		9B9CF4C31D4E134300E50124 /* person.m in Sources */ = {isa = PBXBuildFile; fileRef = 9B9CF4C21D4E134300E50124 /* person.m */; };
		9B9CF4C61D4E189C00E50124 /* teacher.m in Sources */ = {isa = PBXBuildFile; fileRef = 9B9CF4C51D4E189C00E50124 /* teacher.m */; };
/* End PBXBuildFile section */

/* Begin PBXFileReference section */
		9B9CF49D1D4E0D1C00E50124 /* 字典转模型.app */ = {isa = PBXFileReference; explicitFileType = wrapper.application; includeInIndex = 0; path = "字典转模型.app"; sourceTree = BUILT_PRODUCTS_DIR; };
		9B9CF4A11D4E0D1C00E50124 /* main.m */ = {isa = PBXFileReference; lastKnownFileType = sourcecode.c.objc; path = main.m; sourceTree = "<group>"; };
		9B9CF4A31D4E0D1C00E50124 /* AppDelegate.h */ = {isa = PBXFileReference; lastKnownFileType = sourcecode.c.h; path = AppDelegate.h; sourceTree = "<group>"; };
		9B9CF4A41D4E0D1C00E50124 /* AppDelegate.m */ = {isa = PBXFileReference; lastKnownFileType = sourcecode.c.objc; path = AppDelegate.m; sourceTree = "<group>"; };
		9B9CF4A61D4E0D1C00E50124 /* ViewController.h */ = {isa = PBXFileReference; lastKnownFileType = sourcecode.c.h; path = ViewController.h; sourceTree = "<group>"; };
		9B9CF4A71D4E0D1C00E50124 /* ViewController.m */ = {isa = PBXFileReference; lastKnownFileType = sourcecode.c.objc; path = ViewController.m; sourceTree = "<group>"; };
		9B9CF4AA1D4E0D1C00E50124 /* Base */ = {isa = PBXFileReference; lastKnownFileType = file.storyboard; name = Base; path = Base.lproj/Main.storyboard; sourceTree = "<group>"; };
		9B9CF4AC1D4E0D1C00E50124 /* Assets.xcassets */ = {isa = PBXFileReference; lastKnownFileType = folder.assetcatalog; path = Assets.xcassets; sourceTree = "<group>"; };
		9B9CF4AF1D4E0D1C00E50124 /* Base */ = {isa = PBXFileReference; lastKnownFileType = file.storyboard; name = Base; path = Base.lproj/LaunchScreen.storyboard; sourceTree = "<group>"; };
		9B9CF4B11D4E0D1C00E50124 /* Info.plist */ = {isa = PBXFileReference; lastKnownFileType = text.plist.xml; path = Info.plist; sourceTree = "<group>"; };
		9B9CF4B71D4E0D3700E50124 /* NSObject+extension.h */ = {isa = PBXFileReference; fileEncoding = 4; lastKnownFileType = sourcecode.c.h; path = "NSObject+extension.h"; sourceTree = "<group>"; };
		9B9CF4B81D4E0D3700E50124 /* NSObject+extension.m */ = {isa = PBXFileReference; fileEncoding = 4; lastKnownFileType = sourcecode.c.objc; path = "NSObject+extension.m"; sourceTree = "<group>"; };
		9B9CF4BA1D4E0D9300E50124 /* model.h */ = {isa = PBXFileReference; fileEncoding = 4; lastKnownFileType = sourcecode.c.h; path = model.h; sourceTree = "<group>"; };
		9B9CF4BB1D4E0D9300E50124 /* model.m */ = {isa = PBXFileReference; fileEncoding = 4; lastKnownFileType = sourcecode.c.objc; path = model.m; sourceTree = "<group>"; };
		9B9CF4BE1D4E128400E50124 /* NSObject+Log.h */ = {isa = PBXFileReference; fileEncoding = 4; lastKnownFileType = sourcecode.c.h; path = "NSObject+Log.h"; sourceTree = "<group>"; };
		9B9CF4BF1D4E128400E50124 /* NSObject+Log.m */ = {isa = PBXFileReference; fileEncoding = 4; lastKnownFileType = sourcecode.c.objc; path = "NSObject+Log.m"; sourceTree = "<group>"; };
		9B9CF4C11D4E134300E50124 /* person.h */ = {isa = PBXFileReference; fileEncoding = 4; lastKnownFileType = sourcecode.c.h; path = person.h; sourceTree = "<group>"; };
		9B9CF4C21D4E134300E50124 /* person.m */ = {isa = PBXFileReference; fileEncoding = 4; lastKnownFileType = sourcecode.c.objc; path = person.m; sourceTree = "<group>"; };
		9B9CF4C41D4E189C00E50124 /* teacher.h */ = {isa = PBXFileReference; fileEncoding = 4; lastKnownFileType = sourcecode.c.h; path = teacher.h; sourceTree = "<group>"; };
		9B9CF4C51D4E189C00E50124 /* teacher.m */ = {isa = PBXFileReference; fileEncoding = 4; lastKnownFileType = sourcecode.c.objc; path = teacher.m; sourceTree = "<group>"; };
/* End PBXFileReference section */

/* Begin PBXFrameworksBuildPhase section */
		9B9CF49A1D4E0D1C00E50124 /* Frameworks */ = {
			isa = PBXFrameworksBuildPhase;
			buildActionMask = 2147483647;
			files = (
			);
			runOnlyForDeploymentPostprocessing = 0;
		};
/* End PBXFrameworksBuildPhase section */

/* Begin PBXGroup section */
		9B9CF4941D4E0D1C00E50124 = {
			isa = PBXGroup;
			children = (
				9B9CF49F1D4E0D1C00E50124 /* 字典转模型 */,
				9B9CF49E1D4E0D1C00E50124 /* Products */,
			);
			sourceTree = "<group>";
		};
		9B9CF49E1D4E0D1C00E50124 /* Products */ = {
			isa = PBXGroup;
			children = (
				9B9CF49D1D4E0D1C00E50124 /* 字典转模型.app */,
			);
			name = Products;
			sourceTree = "<group>";
		};
		9B9CF49F1D4E0D1C00E50124 /* 字典转模型 */ = {
			isa = PBXGroup;
			children = (
				9B9CF4BD1D4E128400E50124 /* 打印模型属性 */,
				9B9CF4A31D4E0D1C00E50124 /* AppDelegate.h */,
				9B9CF4A41D4E0D1C00E50124 /* AppDelegate.m */,
				9B9CF4A61D4E0D1C00E50124 /* ViewController.h */,
				9B9CF4A71D4E0D1C00E50124 /* ViewController.m */,
				9B9CF4BA1D4E0D9300E50124 /* model.h */,
				9B9CF4BB1D4E0D9300E50124 /* model.m */,
				9B9CF4C11D4E134300E50124 /* person.h */,
				9B9CF4C21D4E134300E50124 /* person.m */,
				9B9CF4C41D4E189C00E50124 /* teacher.h */,
				9B9CF4C51D4E189C00E50124 /* teacher.m */,
				9B9CF4B71D4E0D3700E50124 /* NSObject+extension.h */,
				9B9CF4B81D4E0D3700E50124 /* NSObject+extension.m */,
				9B9CF4A91D4E0D1C00E50124 /* Main.storyboard */,
				9B9CF4AC1D4E0D1C00E50124 /* Assets.xcassets */,
				9B9CF4AE1D4E0D1C00E50124 /* LaunchScreen.storyboard */,
				9B9CF4B11D4E0D1C00E50124 /* Info.plist */,
				9B9CF4A01D4E0D1C00E50124 /* Supporting Files */,
			);
			path = "字典转模型";
			sourceTree = "<group>";
		};
		9B9CF4A01D4E0D1C00E50124 /* Supporting Files */ = {
			isa = PBXGroup;
			children = (
				9B9CF4A11D4E0D1C00E50124 /* main.m */,
			);
			name = "Supporting Files";
			sourceTree = "<group>";
		};
		9B9CF4BD1D4E128400E50124 /* 打印模型属性 */ = {
			isa = PBXGroup;
			children = (
				9B9CF4BE1D4E128400E50124 /* NSObject+Log.h */,
				9B9CF4BF1D4E128400E50124 /* NSObject+Log.m */,
			);
			path = "打印模型属性";
			sourceTree = "<group>";
		};
/* End PBXGroup section */

/* Begin PBXNativeTarget section */
		9B9CF49C1D4E0D1C00E50124 /* 字典转模型 */ = {
			isa = PBXNativeTarget;
			buildConfigurationList = 9B9CF4B41D4E0D1C00E50124 /* Build configuration list for PBXNativeTarget "字典转模型" */;
			buildPhases = (
				9B9CF4991D4E0D1C00E50124 /* Sources */,
				9B9CF49A1D4E0D1C00E50124 /* Frameworks */,
				9B9CF49B1D4E0D1C00E50124 /* Resources */,
			);
			buildRules = (
			);
			dependencies = (
			);
			name = "字典转模型";
			productName = "字典转模型";
			productReference = 9B9CF49D1D4E0D1C00E50124 /* 字典转模型.app */;
			productType = "com.apple.product-type.application";
		};
/* End PBXNativeTarget section */

/* Begin PBXProject section */
		9B9CF4951D4E0D1C00E50124 /* Project object */ = {
			isa = PBXProject;
			attributes = {
				LastUpgradeCheck = 0720;
				ORGANIZATIONNAME = tasama;
				TargetAttributes = {
					9B9CF49C1D4E0D1C00E50124 = {
						CreatedOnToolsVersion = 7.2;
					};
				};
			};
			buildConfigurationList = 9B9CF4981D4E0D1C00E50124 /* Build configuration list for PBXProject "字典转模型" */;
			compatibilityVersion = "Xcode 3.2";
			developmentRegion = English;
			hasScannedForEncodings = 0;
			knownRegions = (
				en,
				Base,
			);
			mainGroup = 9B9CF4941D4E0D1C00E50124;
			productRefGroup = 9B9CF49E1D4E0D1C00E50124 /* Products */;
			projectDirPath = "";
			projectRoot = "";
			targets = (
				9B9CF49C1D4E0D1C00E50124 /* 字典转模型 */,
			);
		};
/* End PBXProject section */

/* Begin PBXResourcesBuildPhase section */
		9B9CF49B1D4E0D1C00E50124 /* Resources */ = {
			isa = PBXResourcesBuildPhase;
			buildActionMask = 2147483647;
			files = (
				9B9CF4B01D4E0D1C00E50124 /* LaunchScreen.storyboard in Resources */,
				9B9CF4AD1D4E0D1C00E50124 /* Assets.xcassets in Resources */,
				9B9CF4AB1D4E0D1C00E50124 /* Main.storyboard in Resources */,
			);
			runOnlyForDeploymentPostprocessing = 0;
		};
/* End PBXResourcesBuildPhase section */

/* Begin PBXSourcesBuildPhase section */
		9B9CF4991D4E0D1C00E50124 /* Sources */ = {
			isa = PBXSourcesBuildPhase;
			buildActionMask = 2147483647;
			files = (
				9B9CF4C61D4E189C00E50124 /* teacher.m in Sources */,
				9B9CF4A81D4E0D1C00E50124 /* ViewController.m in Sources */,
				9B9CF4BC1D4E0D9300E50124 /* model.m in Sources */,
				9B9CF4C01D4E128400E50124 /* NSObject+Log.m in Sources */,
				9B9CF4A51D4E0D1C00E50124 /* AppDelegate.m in Sources */,
				9B9CF4A21D4E0D1C00E50124 /* main.m in Sources */,
				9B9CF4C31D4E134300E50124 /* person.m in Sources */,
				9B9CF4B91D4E0D3700E50124 /* NSObject+extension.m in Sources */,
			);
			runOnlyForDeploymentPostprocessing = 0;
		};
/* End PBXSourcesBuildPhase section */

/* Begin PBXVariantGroup section */
		9B9CF4A91D4E0D1C00E50124 /* Main.storyboard */ = {
			isa = PBXVariantGroup;
			children = (
				9B9CF4AA1D4E0D1C00E50124 /* Base */,
			);
			name = Main.storyboard;
			sourceTree = "<group>";
		};
		9B9CF4AE1D4E0D1C00E50124 /* LaunchScreen.storyboard */ = {
			isa = PBXVariantGroup;
			children = (
				9B9CF4AF1D4E0D1C00E50124 /* Base */,
			);
			name = LaunchScreen.storyboard;
			sourceTree = "<group>";
		};
/* End PBXVariantGroup section */

/* Begin XCBuildConfiguration section */
		9B9CF4B21D4E0D1C00E50124 /* Debug */ = {
			isa = XCBuildConfiguration;
			buildSettings = {
				ALWAYS_SEARCH_USER_PATHS = NO;
				CLANG_CXX_LANGUAGE_STANDARD = "gnu++0x";
				CLANG_CXX_LIBRARY = "libc++";
				CLANG_ENABLE_MODULES = YES;
				CLANG_ENABLE_OBJC_ARC = YES;
				CLANG_WARN_BOOL_CONVERSION = YES;
				CLANG_WARN_CONSTANT_CONVERSION = YES;
				CLANG_WARN_DIRECT_OBJC_ISA_USAGE = YES_ERROR;
				CLANG_WARN_EMPTY_BODY = YES;
				CLANG_WARN_ENUM_CONVERSION = YES;
				CLANG_WARN_INT_CONVERSION = YES;
				CLANG_WARN_OBJC_ROOT_CLASS = YES_ERROR;
				CLANG_WARN_UNREACHABLE_CODE = YES;
				CLANG_WARN__DUPLICATE_METHOD_MATCH = YES;
				"CODE_SIGN_IDENTITY[sdk=iphoneos*]" = "iPhone Developer";
				COPY_PHASE_STRIP = NO;
				DEBUG_INFORMATION_FORMAT = dwarf;
				ENABLE_STRICT_OBJC_MSGSEND = YES;
				ENABLE_TESTABILITY = YES;
				GCC_C_LANGUAGE_STANDARD = gnu99;
				GCC_DYNAMIC_NO_PIC = NO;
				GCC_NO_COMMON_BLOCKS = YES;
				GCC_OPTIMIZATION_LEVEL = 0;
				GCC_PREPROCESSOR_DEFINITIONS = (
					"DEBUG=1",
					"$(inherited)",
				);
				GCC_WARN_64_TO_32_BIT_CONVERSION = YES;
				GCC_WARN_ABOUT_RETURN_TYPE = YES_ERROR;
				GCC_WARN_UNDECLARED_SELECTOR = YES;
				GCC_WARN_UNINITIALIZED_AUTOS = YES_AGGRESSIVE;
				GCC_WARN_UNUSED_FUNCTION = YES;
				GCC_WARN_UNUSED_VARIABLE = YES;
				IPHONEOS_DEPLOYMENT_TARGET = 9.2;
				MTL_ENABLE_DEBUG_INFO = YES;
				ONLY_ACTIVE_ARCH = YES;
				SDKROOT = iphoneos;
			};
			name = Debug;
		};
		9B9CF4B31D4E0D1C00E50124 /* Release */ = {
			isa = XCBuildConfiguration;
			buildSettings = {
				ALWAYS_SEARCH_USER_PATHS = NO;
				CLANG_CXX_LANGUAGE_STANDARD = "gnu++0x";
				CLANG_CXX_LIBRARY = "libc++";
				CLANG_ENABLE_MODULES = YES;
				CLANG_ENABLE_OBJC_ARC = YES;
				CLANG_WARN_BOOL_CONVERSION = YES;
				CLANG_WARN_CONSTANT_CONVERSION = YES;
				CLANG_WARN_DIRECT_OBJC_ISA_USAGE = YES_ERROR;
				CLANG_WARN_EMPTY_BODY = YES;
				CLANG_WARN_ENUM_CONVERSION = YES;
				CLANG_WARN_INT_CONVERSION = YES;
				CLANG_WARN_OBJC_ROOT_CLASS = YES_ERROR;
				CLANG_WARN_UNREACHABLE_CODE = YES;
				CLANG_WARN__DUPLICATE_METHOD_MATCH = YES;
				"CODE_SIGN_IDENTITY[sdk=iphoneos*]" = "iPhone Developer";
				COPY_PHASE_STRIP = NO;
				DEBUG_INFORMATION_FORMAT = "dwarf-with-dsym";
				ENABLE_NS_ASSERTIONS = NO;
				ENABLE_STRICT_OBJC_MSGSEND = YES;
				GCC_C_LANGUAGE_STANDARD = gnu99;
				GCC_NO_COMMON_BLOCKS = YES;
				GCC_WARN_64_TO_32_BIT_CONVERSION = YES;
				GCC_WARN_ABOUT_RETURN_TYPE = YES_ERROR;
				GCC_WARN_UNDECLARED_SELECTOR = YES;
				GCC_WARN_UNINITIALIZED_AUTOS = YES_AGGRESSIVE;
				GCC_WARN_UNUSED_FUNCTION = YES;
				GCC_WARN_UNUSED_VARIABLE = YES;
				IPHONEOS_DEPLOYMENT_TARGET = 9.2;
				MTL_ENABLE_DEBUG_INFO = NO;
				SDKROOT = iphoneos;
				VALIDATE_PRODUCT = YES;
			};
			name = Release;
		};
		9B9CF4B51D4E0D1C00E50124 /* Debug */ = {
			isa = XCBuildConfiguration;
			buildSettings = {
				ASSETCATALOG_COMPILER_APPICON_NAME = AppIcon;
				INFOPLIST_FILE = "字典转模型/Info.plist";
				LD_RUNPATH_SEARCH_PATHS = "$(inherited) @executable_path/Frameworks";
				PRODUCT_BUNDLE_IDENTIFIER = "Hao.-----";
				PRODUCT_NAME = "$(TARGET_NAME)";
			};
			name = Debug;
		};
		9B9CF4B61D4E0D1C00E50124 /* Release */ = {
			isa = XCBuildConfiguration;
			buildSettings = {
				ASSETCATALOG_COMPILER_APPICON_NAME = AppIcon;
				INFOPLIST_FILE = "字典转模型/Info.plist";
				LD_RUNPATH_SEARCH_PATHS = "$(inherited) @executable_path/Frameworks";
				PRODUCT_BUNDLE_IDENTIFIER = "Hao.-----";
				PRODUCT_NAME = "$(TARGET_NAME)";
			};
			name = Release;
		};
/* End XCBuildConfiguration section */

/* Begin XCConfigurationList section */
		9B9CF4981D4E0D1C00E50124 /* Build configuration list for PBXProject "字典转模型" */ = {
			isa = XCConfigurationList;
			buildConfigurations = (
				9B9CF4B21D4E0D1C00E50124 /* Debug */,
				9B9CF4B31D4E0D1C00E50124 /* Release */,
			);
			defaultConfigurationIsVisible = 0;
			defaultConfigurationName = Release;
		};
		9B9CF4B41D4E0D1C00E50124 /* Build configuration list for PBXNativeTarget "字典转模型" */ = {
			isa = XCConfigurationList;
			buildConfigurations = (
				9B9CF4B51D4E0D1C00E50124 /* Debug */,
				9B9CF4B61D4E0D1C00E50124 /* Release */,
			);
			defaultConfigurationIsVisible = 0;
		};
/* End XCConfigurationList section */
	};
	rootObject = 9B9CF4951D4E0D1C00E50124 /* Project object */;
}
